// !$*UTF8*$!
{
	archiveVersion = 1;
	classes = {
	};
	objectVersion = 51;
	objects = {

/* Begin PBXBuildFile section */
		9519C90F2654FBD100569A9C /* HabitSummaryViewController.swift in Sources */ = {isa = PBXBuildFile; fileRef = 9519C90E2654FBD100569A9C /* HabitSummaryViewController.swift */; };
		9536F80826571D4900FE2C89 /* IsaoTextFieldSpecial.swift in Sources */ = {isa = PBXBuildFile; fileRef = 9536F80726571D4900FE2C89 /* IsaoTextFieldSpecial.swift */; };
		953F2274263243AE00BA378E /* SettingsViewController.swift in Sources */ = {isa = PBXBuildFile; fileRef = 953F2273263243AE00BA378E /* SettingsViewController.swift */; };
		953F2277263243CA00BA378E /* AddOrEditHabitViewController.swift in Sources */ = {isa = PBXBuildFile; fileRef = 953F2276263243CA00BA378E /* AddOrEditHabitViewController.swift */; };
		95636E312655412500C42941 /* StringExtension.swift in Sources */ = {isa = PBXBuildFile; fileRef = 95636E302655412500C42941 /* StringExtension.swift */; };
		95636E332655CAD800C42941 /* DateAxisValueFormatter.swift in Sources */ = {isa = PBXBuildFile; fileRef = 95636E322655CAD800C42941 /* DateAxisValueFormatter.swift */; };
		95636E372655FE7800C42941 /* QuoteData.swift in Sources */ = {isa = PBXBuildFile; fileRef = 95636E362655FE7800C42941 /* QuoteData.swift */; };
		9586518F263D03040004759F /* MulticastDelegate.swift in Sources */ = {isa = PBXBuildFile; fileRef = 9586518E263D03040004759F /* MulticastDelegate.swift */; };
		958651C2263D06E80004759F /* DatabaseProtocol.swift in Sources */ = {isa = PBXBuildFile; fileRef = 958651C1263D06E80004759F /* DatabaseProtocol.swift */; };
		958651DF263D09A40004759F /* HabitData+CoreDataClass.swift in Sources */ = {isa = PBXBuildFile; fileRef = 958651D7263D09A40004759F /* HabitData+CoreDataClass.swift */; };
		958651E0263D09A40004759F /* HabitData+CoreDataProperties.swift in Sources */ = {isa = PBXBuildFile; fileRef = 958651D8263D09A40004759F /* HabitData+CoreDataProperties.swift */; };
		958651E1263D09A40004759F /* Reminder+CoreDataClass.swift in Sources */ = {isa = PBXBuildFile; fileRef = 958651D9263D09A40004759F /* Reminder+CoreDataClass.swift */; };
		958651E2263D09A40004759F /* Reminder+CoreDataProperties.swift in Sources */ = {isa = PBXBuildFile; fileRef = 958651DA263D09A40004759F /* Reminder+CoreDataProperties.swift */; };
		958651E3263D09A40004759F /* Habit+CoreDataClass.swift in Sources */ = {isa = PBXBuildFile; fileRef = 958651DB263D09A40004759F /* Habit+CoreDataClass.swift */; };
		958651E4263D09A40004759F /* Habit+CoreDataProperties.swift in Sources */ = {isa = PBXBuildFile; fileRef = 958651DC263D09A40004759F /* Habit+CoreDataProperties.swift */; };
		958651E5263D09A40004759F /* HabitDate+CoreDataClass.swift in Sources */ = {isa = PBXBuildFile; fileRef = 958651DD263D09A40004759F /* HabitDate+CoreDataClass.swift */; };
		958651E6263D09A40004759F /* HabitDate+CoreDataProperties.swift in Sources */ = {isa = PBXBuildFile; fileRef = 958651DE263D09A40004759F /* HabitDate+CoreDataProperties.swift */; };
		958651E8263D0C800004759F /* CoreDataController.swift in Sources */ = {isa = PBXBuildFile; fileRef = 958651E7263D0C800004759F /* CoreDataController.swift */; };
		958651EC263D5B600004759F /* DateExtension.swift in Sources */ = {isa = PBXBuildFile; fileRef = 958651EB263D5B600004759F /* DateExtension.swift */; };
		958651EF263D64FB0004759F /* UIViewControllerAlertExtension.swift in Sources */ = {isa = PBXBuildFile; fileRef = 958651EE263D64FB0004759F /* UIViewControllerAlertExtension.swift */; };
		95B77F6826564CD60055BAE2 /* UserSettings+CoreDataClass.swift in Sources */ = {isa = PBXBuildFile; fileRef = 95B77F6626564CD60055BAE2 /* UserSettings+CoreDataClass.swift */; };
		95B77F6926564CD60055BAE2 /* UserSettings+CoreDataProperties.swift in Sources */ = {isa = PBXBuildFile; fileRef = 95B77F6726564CD60055BAE2 /* UserSettings+CoreDataProperties.swift */; };
		95B77F6B265672920055BAE2 /* InstructionsViewController.swift in Sources */ = {isa = PBXBuildFile; fileRef = 95B77F6A265672920055BAE2 /* InstructionsViewController.swift */; };
		95B77F6D265679B50055BAE2 /* AboutViewController.swift in Sources */ = {isa = PBXBuildFile; fileRef = 95B77F6C265679B50055BAE2 /* AboutViewController.swift */; };
		95B8EAEE2654EE4C00BD63BF /* SummaryTableViewController.swift in Sources */ = {isa = PBXBuildFile; fileRef = 95B8EAED2654EE4C00BD63BF /* SummaryTableViewController.swift */; };
		95B8EAF02654F18200BD63BF /* SummaryTableViewCell.swift in Sources */ = {isa = PBXBuildFile; fileRef = 95B8EAEF2654F18200BD63BF /* SummaryTableViewCell.swift */; };
		95E3996826410D4400EA4032 /* HealthKit.framework in Frameworks */ = {isa = PBXBuildFile; fileRef = 95E3996726410D4400EA4032 /* HealthKit.framework */; };
		95EA741B262FFC8900E3BCBD /* AppDelegate.swift in Sources */ = {isa = PBXBuildFile; fileRef = 95EA741A262FFC8900E3BCBD /* AppDelegate.swift */; };
		95EA741D262FFC8900E3BCBD /* SceneDelegate.swift in Sources */ = {isa = PBXBuildFile; fileRef = 95EA741C262FFC8900E3BCBD /* SceneDelegate.swift */; };
		95EA7422262FFC8900E3BCBD /* Main.storyboard in Resources */ = {isa = PBXBuildFile; fileRef = 95EA7420262FFC8900E3BCBD /* Main.storyboard */; };
		95EA7425262FFC8900E3BCBD /* HabitBot.xcdatamodeld in Sources */ = {isa = PBXBuildFile; fileRef = 95EA7423262FFC8900E3BCBD /* HabitBot.xcdatamodeld */; };
		95EA7427262FFC8B00E3BCBD /* Assets.xcassets in Resources */ = {isa = PBXBuildFile; fileRef = 95EA7426262FFC8B00E3BCBD /* Assets.xcassets */; };
		95EA742A262FFC8B00E3BCBD /* LaunchScreen.storyboard in Resources */ = {isa = PBXBuildFile; fileRef = 95EA7428262FFC8B00E3BCBD /* LaunchScreen.storyboard */; };
		95EA74352630E2B300E3BCBD /* HabitsOverviewViewController.swift in Sources */ = {isa = PBXBuildFile; fileRef = 95EA74342630E2B300E3BCBD /* HabitsOverviewViewController.swift */; };
		95EA743A2630E6B200E3BCBD /* HabitTableViewCell.swift in Sources */ = {isa = PBXBuildFile; fileRef = 95EA74392630E6B200E3BCBD /* HabitTableViewCell.swift */; };
		95FB1B472643F45C00C680B8 /* NotificationTableViewCell.swift in Sources */ = {isa = PBXBuildFile; fileRef = 95FB1B462643F45C00C680B8 /* NotificationTableViewCell.swift */; };
		B64CA3E3397FC56A2E8E5C43 /* Pods_HabitBot.framework in Frameworks */ = {isa = PBXBuildFile; fileRef = 062196BF8507612C429CA9E2 /* Pods_HabitBot.framework */; };
/* End PBXBuildFile section */

/* Begin PBXFileReference section */
		062196BF8507612C429CA9E2 /* Pods_HabitBot.framework */ = {isa = PBXFileReference; explicitFileType = wrapper.framework; includeInIndex = 0; path = Pods_HabitBot.framework; sourceTree = BUILT_PRODUCTS_DIR; };
		9519C90E2654FBD100569A9C /* HabitSummaryViewController.swift */ = {isa = PBXFileReference; lastKnownFileType = sourcecode.swift; path = HabitSummaryViewController.swift; sourceTree = "<group>"; };
		9536F80726571D4900FE2C89 /* IsaoTextFieldSpecial.swift */ = {isa = PBXFileReference; lastKnownFileType = sourcecode.swift; path = IsaoTextFieldSpecial.swift; sourceTree = "<group>"; };
		953F2273263243AE00BA378E /* SettingsViewController.swift */ = {isa = PBXFileReference; lastKnownFileType = sourcecode.swift; path = SettingsViewController.swift; sourceTree = "<group>"; };
		953F2276263243CA00BA378E /* AddOrEditHabitViewController.swift */ = {isa = PBXFileReference; lastKnownFileType = sourcecode.swift; path = AddOrEditHabitViewController.swift; sourceTree = "<group>"; };
		954148CD263E849100C50C86 /* HabitBot.entitlements */ = {isa = PBXFileReference; lastKnownFileType = text.plist.entitlements; path = HabitBot.entitlements; sourceTree = "<group>"; };
		95636E302655412500C42941 /* StringExtension.swift */ = {isa = PBXFileReference; lastKnownFileType = sourcecode.swift; path = StringExtension.swift; sourceTree = "<group>"; };
		95636E322655CAD800C42941 /* DateAxisValueFormatter.swift */ = {isa = PBXFileReference; lastKnownFileType = sourcecode.swift; path = DateAxisValueFormatter.swift; sourceTree = "<group>"; };
		95636E362655FE7800C42941 /* QuoteData.swift */ = {isa = PBXFileReference; lastKnownFileType = sourcecode.swift; path = QuoteData.swift; sourceTree = "<group>"; };
		9586518E263D03040004759F /* MulticastDelegate.swift */ = {isa = PBXFileReference; fileEncoding = 4; lastKnownFileType = sourcecode.swift; path = MulticastDelegate.swift; sourceTree = "<group>"; };
		958651C1263D06E80004759F /* DatabaseProtocol.swift */ = {isa = PBXFileReference; lastKnownFileType = sourcecode.swift; path = DatabaseProtocol.swift; sourceTree = "<group>"; };
		958651D7263D09A40004759F /* HabitData+CoreDataClass.swift */ = {isa = PBXFileReference; lastKnownFileType = sourcecode.swift; path = "HabitData+CoreDataClass.swift"; sourceTree = SOURCE_ROOT; };
		958651D8263D09A40004759F /* HabitData+CoreDataProperties.swift */ = {isa = PBXFileReference; lastKnownFileType = sourcecode.swift; path = "HabitData+CoreDataProperties.swift"; sourceTree = SOURCE_ROOT; };
		958651D9263D09A40004759F /* Reminder+CoreDataClass.swift */ = {isa = PBXFileReference; lastKnownFileType = sourcecode.swift; path = "Reminder+CoreDataClass.swift"; sourceTree = SOURCE_ROOT; };
		958651DA263D09A40004759F /* Reminder+CoreDataProperties.swift */ = {isa = PBXFileReference; lastKnownFileType = sourcecode.swift; path = "Reminder+CoreDataProperties.swift"; sourceTree = SOURCE_ROOT; };
		958651DB263D09A40004759F /* Habit+CoreDataClass.swift */ = {isa = PBXFileReference; lastKnownFileType = sourcecode.swift; path = "Habit+CoreDataClass.swift"; sourceTree = SOURCE_ROOT; };
		958651DC263D09A40004759F /* Habit+CoreDataProperties.swift */ = {isa = PBXFileReference; lastKnownFileType = sourcecode.swift; path = "Habit+CoreDataProperties.swift"; sourceTree = SOURCE_ROOT; };
		958651DD263D09A40004759F /* HabitDate+CoreDataClass.swift */ = {isa = PBXFileReference; lastKnownFileType = sourcecode.swift; path = "HabitDate+CoreDataClass.swift"; sourceTree = SOURCE_ROOT; };
		958651DE263D09A40004759F /* HabitDate+CoreDataProperties.swift */ = {isa = PBXFileReference; lastKnownFileType = sourcecode.swift; path = "HabitDate+CoreDataProperties.swift"; sourceTree = SOURCE_ROOT; };
		958651E7263D0C800004759F /* CoreDataController.swift */ = {isa = PBXFileReference; lastKnownFileType = sourcecode.swift; path = CoreDataController.swift; sourceTree = "<group>"; };
		958651EB263D5B600004759F /* DateExtension.swift */ = {isa = PBXFileReference; lastKnownFileType = sourcecode.swift; name = DateExtension.swift; path = HabitBot/Extensions/DateExtension.swift; sourceTree = SOURCE_ROOT; };
		958651EE263D64FB0004759F /* UIViewControllerAlertExtension.swift */ = {isa = PBXFileReference; lastKnownFileType = sourcecode.swift; path = UIViewControllerAlertExtension.swift; sourceTree = "<group>"; };
		95B77F6626564CD60055BAE2 /* UserSettings+CoreDataClass.swift */ = {isa = PBXFileReference; lastKnownFileType = sourcecode.swift; path = "UserSettings+CoreDataClass.swift"; sourceTree = "<group>"; };
		95B77F6726564CD60055BAE2 /* UserSettings+CoreDataProperties.swift */ = {isa = PBXFileReference; lastKnownFileType = sourcecode.swift; path = "UserSettings+CoreDataProperties.swift"; sourceTree = "<group>"; };
		95B77F6A265672920055BAE2 /* InstructionsViewController.swift */ = {isa = PBXFileReference; lastKnownFileType = sourcecode.swift; path = InstructionsViewController.swift; sourceTree = "<group>"; };
		95B77F6C265679B50055BAE2 /* AboutViewController.swift */ = {isa = PBXFileReference; lastKnownFileType = sourcecode.swift; path = AboutViewController.swift; sourceTree = "<group>"; };
		95B8EAED2654EE4C00BD63BF /* SummaryTableViewController.swift */ = {isa = PBXFileReference; lastKnownFileType = sourcecode.swift; path = SummaryTableViewController.swift; sourceTree = "<group>"; };
		95B8EAEF2654F18200BD63BF /* SummaryTableViewCell.swift */ = {isa = PBXFileReference; lastKnownFileType = sourcecode.swift; path = SummaryTableViewCell.swift; sourceTree = "<group>"; };
		95E3996726410D4400EA4032 /* HealthKit.framework */ = {isa = PBXFileReference; lastKnownFileType = wrapper.framework; name = HealthKit.framework; path = System/Library/Frameworks/HealthKit.framework; sourceTree = SDKROOT; };
		95EA7417262FFC8900E3BCBD /* HabitBot.app */ = {isa = PBXFileReference; explicitFileType = wrapper.application; includeInIndex = 0; path = HabitBot.app; sourceTree = BUILT_PRODUCTS_DIR; };
		95EA741A262FFC8900E3BCBD /* AppDelegate.swift */ = {isa = PBXFileReference; lastKnownFileType = sourcecode.swift; path = AppDelegate.swift; sourceTree = "<group>"; };
		95EA741C262FFC8900E3BCBD /* SceneDelegate.swift */ = {isa = PBXFileReference; lastKnownFileType = sourcecode.swift; path = SceneDelegate.swift; sourceTree = "<group>"; };
		95EA7421262FFC8900E3BCBD /* Base */ = {isa = PBXFileReference; lastKnownFileType = file.storyboard; name = Base; path = Base.lproj/Main.storyboard; sourceTree = "<group>"; };
		95EA7424262FFC8900E3BCBD /* HabitBot.xcdatamodel */ = {isa = PBXFileReference; lastKnownFileType = wrapper.xcdatamodel; path = HabitBot.xcdatamodel; sourceTree = "<group>"; };
		95EA7426262FFC8B00E3BCBD /* Assets.xcassets */ = {isa = PBXFileReference; lastKnownFileType = folder.assetcatalog; path = Assets.xcassets; sourceTree = "<group>"; };
		95EA7429262FFC8B00E3BCBD /* Base */ = {isa = PBXFileReference; lastKnownFileType = file.storyboard; name = Base; path = Base.lproj/LaunchScreen.storyboard; sourceTree = "<group>"; };
		95EA742B262FFC8B00E3BCBD /* Info.plist */ = {isa = PBXFileReference; lastKnownFileType = text.plist.xml; path = Info.plist; sourceTree = "<group>"; };
		95EA74342630E2B300E3BCBD /* HabitsOverviewViewController.swift */ = {isa = PBXFileReference; lastKnownFileType = sourcecode.swift; path = HabitsOverviewViewController.swift; sourceTree = "<group>"; };
		95EA74392630E6B200E3BCBD /* HabitTableViewCell.swift */ = {isa = PBXFileReference; lastKnownFileType = sourcecode.swift; path = HabitTableViewCell.swift; sourceTree = "<group>"; };
		95FB1B462643F45C00C680B8 /* NotificationTableViewCell.swift */ = {isa = PBXFileReference; lastKnownFileType = sourcecode.swift; path = NotificationTableViewCell.swift; sourceTree = "<group>"; };
		9D886BC7F3BDB98C882F2FA9 /* Pods-HabitBot.release.xcconfig */ = {isa = PBXFileReference; includeInIndex = 1; lastKnownFileType = text.xcconfig; name = "Pods-HabitBot.release.xcconfig"; path = "Target Support Files/Pods-HabitBot/Pods-HabitBot.release.xcconfig"; sourceTree = "<group>"; };
		AB73E2F5704EA2965F29286B /* Pods-HabitBot.debug.xcconfig */ = {isa = PBXFileReference; includeInIndex = 1; lastKnownFileType = text.xcconfig; name = "Pods-HabitBot.debug.xcconfig"; path = "Target Support Files/Pods-HabitBot/Pods-HabitBot.debug.xcconfig"; sourceTree = "<group>"; };
/* End PBXFileReference section */

/* Begin PBXFrameworksBuildPhase section */
		95EA7414262FFC8900E3BCBD /* Frameworks */ = {
			isa = PBXFrameworksBuildPhase;
			buildActionMask = 2147483647;
			files = (
				95E3996826410D4400EA4032 /* HealthKit.framework in Frameworks */,
				B64CA3E3397FC56A2E8E5C43 /* Pods_HabitBot.framework in Frameworks */,
			);
			runOnlyForDeploymentPostprocessing = 0;
		};
/* End PBXFrameworksBuildPhase section */

/* Begin PBXGroup section */
		16917E0412E36D941C89E47D /* Pods */ = {
			isa = PBXGroup;
			children = (
				AB73E2F5704EA2965F29286B /* Pods-HabitBot.debug.xcconfig */,
				9D886BC7F3BDB98C882F2FA9 /* Pods-HabitBot.release.xcconfig */,
			);
			path = Pods;
			sourceTree = "<group>";
		};
		95636E352655FE5100C42941 /* DataClasses */ = {
			isa = PBXGroup;
			children = (
				95636E362655FE7800C42941 /* QuoteData.swift */,
			);
			path = DataClasses;
			sourceTree = "<group>";
		};
		9586518D263D02440004759F /* Database */ = {
			isa = PBXGroup;
			children = (
				9586518E263D03040004759F /* MulticastDelegate.swift */,
				958651C1263D06E80004759F /* DatabaseProtocol.swift */,
				958651E7263D0C800004759F /* CoreDataController.swift */,
			);
			path = Database;
			sourceTree = "<group>";
		};
		95865190263D03680004759F /* DataModel */ = {
			isa = PBXGroup;
			children = (
				95B77F6626564CD60055BAE2 /* UserSettings+CoreDataClass.swift */,
				95B77F6726564CD60055BAE2 /* UserSettings+CoreDataProperties.swift */,
				958651D7263D09A40004759F /* HabitData+CoreDataClass.swift */,
				958651D8263D09A40004759F /* HabitData+CoreDataProperties.swift */,
				958651D9263D09A40004759F /* Reminder+CoreDataClass.swift */,
				958651DA263D09A40004759F /* Reminder+CoreDataProperties.swift */,
				958651DB263D09A40004759F /* Habit+CoreDataClass.swift */,
				958651DC263D09A40004759F /* Habit+CoreDataProperties.swift */,
				958651DD263D09A40004759F /* HabitDate+CoreDataClass.swift */,
				958651DE263D09A40004759F /* HabitDate+CoreDataProperties.swift */,
			);
			path = DataModel;
			sourceTree = "<group>";
		};
		958651ED263D63FD0004759F /* Extensions */ = {
			isa = PBXGroup;
			children = (
				958651EB263D5B600004759F /* DateExtension.swift */,
				958651EE263D64FB0004759F /* UIViewControllerAlertExtension.swift */,
				95636E302655412500C42941 /* StringExtension.swift */,
			);
			path = Extensions;
			sourceTree = "<group>";
		};
		95E3996626410D4400EA4032 /* Frameworks */ = {
			isa = PBXGroup;
			children = (
				95E3996726410D4400EA4032 /* HealthKit.framework */,
				062196BF8507612C429CA9E2 /* Pods_HabitBot.framework */,
			);
			name = Frameworks;
			sourceTree = "<group>";
		};
		95EA740E262FFC8900E3BCBD = {
			isa = PBXGroup;
			children = (
				95EA7419262FFC8900E3BCBD /* HabitBot */,
				95EA7418262FFC8900E3BCBD /* Products */,
				95E3996626410D4400EA4032 /* Frameworks */,
				16917E0412E36D941C89E47D /* Pods */,
			);
			sourceTree = "<group>";
		};
		95EA7418262FFC8900E3BCBD /* Products */ = {
			isa = PBXGroup;
			children = (
				95EA7417262FFC8900E3BCBD /* HabitBot.app */,
			);
			name = Products;
			sourceTree = "<group>";
		};
		95EA7419262FFC8900E3BCBD /* HabitBot */ = {
			isa = PBXGroup;
			children = (
				954148CD263E849100C50C86 /* HabitBot.entitlements */,
				958651ED263D63FD0004759F /* Extensions */,
				95865190263D03680004759F /* DataModel */,
				95636E352655FE5100C42941 /* DataClasses */,
				9586518D263D02440004759F /* Database */,
				95EA74382630E68200E3BCBD /* CustomUI */,
				95EA74332630E28600E3BCBD /* ViewControllers */,
				95EA741A262FFC8900E3BCBD /* AppDelegate.swift */,
				95EA741C262FFC8900E3BCBD /* SceneDelegate.swift */,
				95EA7420262FFC8900E3BCBD /* Main.storyboard */,
				95EA7426262FFC8B00E3BCBD /* Assets.xcassets */,
				95EA7428262FFC8B00E3BCBD /* LaunchScreen.storyboard */,
				95EA742B262FFC8B00E3BCBD /* Info.plist */,
				95EA7423262FFC8900E3BCBD /* HabitBot.xcdatamodeld */,
			);
			path = HabitBot;
			sourceTree = "<group>";
		};
		95EA74332630E28600E3BCBD /* ViewControllers */ = {
			isa = PBXGroup;
			children = (
				95EA74342630E2B300E3BCBD /* HabitsOverviewViewController.swift */,
				953F2273263243AE00BA378E /* SettingsViewController.swift */,
				953F2276263243CA00BA378E /* AddOrEditHabitViewController.swift */,
				95B8EAED2654EE4C00BD63BF /* SummaryTableViewController.swift */,
				9519C90E2654FBD100569A9C /* HabitSummaryViewController.swift */,
				95B77F6A265672920055BAE2 /* InstructionsViewController.swift */,
				95B77F6C265679B50055BAE2 /* AboutViewController.swift */,
			);
			path = ViewControllers;
			sourceTree = "<group>";
		};
		95EA74382630E68200E3BCBD /* CustomUI */ = {
			isa = PBXGroup;
			children = (
				9536F80726571D4900FE2C89 /* IsaoTextFieldSpecial.swift */,
				95EA74392630E6B200E3BCBD /* HabitTableViewCell.swift */,
				95FB1B462643F45C00C680B8 /* NotificationTableViewCell.swift */,
				95B8EAEF2654F18200BD63BF /* SummaryTableViewCell.swift */,
				95636E322655CAD800C42941 /* DateAxisValueFormatter.swift */,
			);
			path = CustomUI;
			sourceTree = "<group>";
		};
/* End PBXGroup section */

/* Begin PBXNativeTarget section */
		95EA7416262FFC8900E3BCBD /* HabitBot */ = {
			isa = PBXNativeTarget;
			buildConfigurationList = 95EA742E262FFC8B00E3BCBD /* Build configuration list for PBXNativeTarget "HabitBot" */;
			buildPhases = (
				E3363BB302C32780B842E8D3 /* [CP] Check Pods Manifest.lock */,
				95EA7413262FFC8900E3BCBD /* Sources */,
				95EA7414262FFC8900E3BCBD /* Frameworks */,
				95EA7415262FFC8900E3BCBD /* Resources */,
				008E84B45614C2360D66B4A8 /* [CP] Embed Pods Frameworks */,
			);
			buildRules = (
			);
			dependencies = (
			);
			name = HabitBot;
			productName = HabitBot;
			productReference = 95EA7417262FFC8900E3BCBD /* HabitBot.app */;
			productType = "com.apple.product-type.application";
		};
/* End PBXNativeTarget section */

/* Begin PBXProject section */
		95EA740F262FFC8900E3BCBD /* Project object */ = {
			isa = PBXProject;
			attributes = {
				LastSwiftUpdateCheck = 1240;
				LastUpgradeCheck = 1240;
				TargetAttributes = {
					95EA7416262FFC8900E3BCBD = {
						CreatedOnToolsVersion = 12.4;
					};
				};
			};
			buildConfigurationList = 95EA7412262FFC8900E3BCBD /* Build configuration list for PBXProject "HabitBot" */;
			compatibilityVersion = "Xcode 9.3";
			developmentRegion = en;
			hasScannedForEncodings = 0;
			knownRegions = (
				en,
				Base,
			);
			mainGroup = 95EA740E262FFC8900E3BCBD;
			productRefGroup = 95EA7418262FFC8900E3BCBD /* Products */;
			projectDirPath = "";
			projectRoot = "";
			targets = (
				95EA7416262FFC8900E3BCBD /* HabitBot */,
			);
		};
/* End PBXProject section */

/* Begin PBXResourcesBuildPhase section */
		95EA7415262FFC8900E3BCBD /* Resources */ = {
			isa = PBXResourcesBuildPhase;
			buildActionMask = 2147483647;
			files = (
				95EA742A262FFC8B00E3BCBD /* LaunchScreen.storyboard in Resources */,
				95EA7427262FFC8B00E3BCBD /* Assets.xcassets in Resources */,
				95EA7422262FFC8900E3BCBD /* Main.storyboard in Resources */,
			);
			runOnlyForDeploymentPostprocessing = 0;
		};
/* End PBXResourcesBuildPhase section */

/* Begin PBXShellScriptBuildPhase section */
		008E84B45614C2360D66B4A8 /* [CP] Embed Pods Frameworks */ = {
			isa = PBXShellScriptBuildPhase;
			buildActionMask = 2147483647;
			files = (
			);
			inputFileListPaths = (
				"${PODS_ROOT}/Target Support Files/Pods-HabitBot/Pods-HabitBot-frameworks-${CONFIGURATION}-input-files.xcfilelist",
			);
			name = "[CP] Embed Pods Frameworks";
			outputFileListPaths = (
				"${PODS_ROOT}/Target Support Files/Pods-HabitBot/Pods-HabitBot-frameworks-${CONFIGURATION}-output-files.xcfilelist",
			);
			runOnlyForDeploymentPostprocessing = 0;
			shellPath = /bin/sh;
			shellScript = "\"${PODS_ROOT}/Target Support Files/Pods-HabitBot/Pods-HabitBot-frameworks.sh\"\n";
			showEnvVarsInLog = 0;
		};
		E3363BB302C32780B842E8D3 /* [CP] Check Pods Manifest.lock */ = {
			isa = PBXShellScriptBuildPhase;
			buildActionMask = 2147483647;
			files = (
			);
			inputFileListPaths = (
			);
			inputPaths = (
				"${PODS_PODFILE_DIR_PATH}/Podfile.lock",
				"${PODS_ROOT}/Manifest.lock",
			);
			name = "[CP] Check Pods Manifest.lock";
			outputFileListPaths = (
			);
			outputPaths = (
				"$(DERIVED_FILE_DIR)/Pods-HabitBot-checkManifestLockResult.txt",
			);
			runOnlyForDeploymentPostprocessing = 0;
			shellPath = /bin/sh;
			shellScript = "diff \"${PODS_PODFILE_DIR_PATH}/Podfile.lock\" \"${PODS_ROOT}/Manifest.lock\" > /dev/null\nif [ $? != 0 ] ; then\n    # print error to STDERR\n    echo \"error: The sandbox is not in sync with the Podfile.lock. Run 'pod install' or update your CocoaPods installation.\" >&2\n    exit 1\nfi\n# This output is used by Xcode 'outputs' to avoid re-running this script phase.\necho \"SUCCESS\" > \"${SCRIPT_OUTPUT_FILE_0}\"\n";
			showEnvVarsInLog = 0;
		};
/* End PBXShellScriptBuildPhase section */

/* Begin PBXSourcesBuildPhase section */
		95EA7413262FFC8900E3BCBD /* Sources */ = {
			isa = PBXSourcesBuildPhase;
			buildActionMask = 2147483647;
			files = (
				95B77F6926564CD60055BAE2 /* UserSettings+CoreDataProperties.swift in Sources */,
				9519C90F2654FBD100569A9C /* HabitSummaryViewController.swift in Sources */,
				958651E6263D09A40004759F /* HabitDate+CoreDataProperties.swift in Sources */,
				958651EC263D5B600004759F /* DateExtension.swift in Sources */,
				958651E1263D09A40004759F /* Reminder+CoreDataClass.swift in Sources */,
				958651DF263D09A40004759F /* HabitData+CoreDataClass.swift in Sources */,
				958651E5263D09A40004759F /* HabitDate+CoreDataClass.swift in Sources */,
				95EA741B262FFC8900E3BCBD /* AppDelegate.swift in Sources */,
				95B77F6D265679B50055BAE2 /* AboutViewController.swift in Sources */,
				9536F80826571D4900FE2C89 /* IsaoTextFieldSpecial.swift in Sources */,
				95636E312655412500C42941 /* StringExtension.swift in Sources */,
				953F2274263243AE00BA378E /* SettingsViewController.swift in Sources */,
				95B8EAF02654F18200BD63BF /* SummaryTableViewCell.swift in Sources */,
				95EA7425262FFC8900E3BCBD /* HabitBot.xcdatamodeld in Sources */,
				95636E332655CAD800C42941 /* DateAxisValueFormatter.swift in Sources */,
				953F2277263243CA00BA378E /* AddOrEditHabitViewController.swift in Sources */,
				95EA743A2630E6B200E3BCBD /* HabitTableViewCell.swift in Sources */,
				95FB1B472643F45C00C680B8 /* NotificationTableViewCell.swift in Sources */,
				958651E0263D09A40004759F /* HabitData+CoreDataProperties.swift in Sources */,
				958651C2263D06E80004759F /* DatabaseProtocol.swift in Sources */,
				958651E3263D09A40004759F /* Habit+CoreDataClass.swift in Sources */,
				95B77F6826564CD60055BAE2 /* UserSettings+CoreDataClass.swift in Sources */,
				958651EF263D64FB0004759F /* UIViewControllerAlertExtension.swift in Sources */,
				95EA74352630E2B300E3BCBD /* HabitsOverviewViewController.swift in Sources */,
				9586518F263D03040004759F /* MulticastDelegate.swift in Sources */,
				958651E4263D09A40004759F /* Habit+CoreDataProperties.swift in Sources */,
				95B77F6B265672920055BAE2 /* InstructionsViewController.swift in Sources */,
				958651E2263D09A40004759F /* Reminder+CoreDataProperties.swift in Sources */,
				958651E8263D0C800004759F /* CoreDataController.swift in Sources */,
				95636E372655FE7800C42941 /* QuoteData.swift in Sources */,
				95B8EAEE2654EE4C00BD63BF /* SummaryTableViewController.swift in Sources */,
				95EA741D262FFC8900E3BCBD /* SceneDelegate.swift in Sources */,
			);
			runOnlyForDeploymentPostprocessing = 0;
		};
/* End PBXSourcesBuildPhase section */

/* Begin PBXVariantGroup section */
		95EA7420262FFC8900E3BCBD /* Main.storyboard */ = {
			isa = PBXVariantGroup;
			children = (
				95EA7421262FFC8900E3BCBD /* Base */,
			);
			name = Main.storyboard;
			sourceTree = "<group>";
		};
		95EA7428262FFC8B00E3BCBD /* LaunchScreen.storyboard */ = {
			isa = PBXVariantGroup;
			children = (
				95EA7429262FFC8B00E3BCBD /* Base */,
			);
			name = LaunchScreen.storyboard;
			sourceTree = "<group>";
		};
/* End PBXVariantGroup section */

/* Begin XCBuildConfiguration section */
		95EA742C262FFC8B00E3BCBD /* Debug */ = {
			isa = XCBuildConfiguration;
			buildSettings = {
				ALWAYS_SEARCH_USER_PATHS = NO;
				CLANG_ANALYZER_NONNULL = YES;
				CLANG_ANALYZER_NUMBER_OBJECT_CONVERSION = YES_AGGRESSIVE;
				CLANG_CXX_LANGUAGE_STANDARD = "gnu++14";
				CLANG_CXX_LIBRARY = "libc++";
				CLANG_ENABLE_MODULES = YES;
				CLANG_ENABLE_OBJC_ARC = YES;
				CLANG_ENABLE_OBJC_WEAK = YES;
				CLANG_WARN_BLOCK_CAPTURE_AUTORELEASING = YES;
				CLANG_WARN_BOOL_CONVERSION = YES;
				CLANG_WARN_COMMA = YES;
				CLANG_WARN_CONSTANT_CONVERSION = YES;
				CLANG_WARN_DEPRECATED_OBJC_IMPLEMENTATIONS = YES;
				CLANG_WARN_DIRECT_OBJC_ISA_USAGE = YES_ERROR;
				CLANG_WARN_DOCUMENTATION_COMMENTS = YES;
				CLANG_WARN_EMPTY_BODY = YES;
				CLANG_WARN_ENUM_CONVERSION = YES;
				CLANG_WARN_INFINITE_RECURSION = YES;
				CLANG_WARN_INT_CONVERSION = YES;
				CLANG_WARN_NON_LITERAL_NULL_CONVERSION = YES;
				CLANG_WARN_OBJC_IMPLICIT_RETAIN_SELF = YES;
				CLANG_WARN_OBJC_LITERAL_CONVERSION = YES;
				CLANG_WARN_OBJC_ROOT_CLASS = YES_ERROR;
				CLANG_WARN_QUOTED_INCLUDE_IN_FRAMEWORK_HEADER = YES;
				CLANG_WARN_RANGE_LOOP_ANALYSIS = YES;
				CLANG_WARN_STRICT_PROTOTYPES = YES;
				CLANG_WARN_SUSPICIOUS_MOVE = YES;
				CLANG_WARN_UNGUARDED_AVAILABILITY = YES_AGGRESSIVE;
				CLANG_WARN_UNREACHABLE_CODE = YES;
				CLANG_WARN__DUPLICATE_METHOD_MATCH = YES;
				COPY_PHASE_STRIP = NO;
				DEBUG_INFORMATION_FORMAT = dwarf;
				ENABLE_STRICT_OBJC_MSGSEND = YES;
				ENABLE_TESTABILITY = YES;
				GCC_C_LANGUAGE_STANDARD = gnu11;
				GCC_DYNAMIC_NO_PIC = NO;
				GCC_NO_COMMON_BLOCKS = YES;
				GCC_OPTIMIZATION_LEVEL = 0;
				GCC_PREPROCESSOR_DEFINITIONS = (
					"DEBUG=1",
					"$(inherited)",
				);
				GCC_WARN_64_TO_32_BIT_CONVERSION = YES;
				GCC_WARN_ABOUT_RETURN_TYPE = YES_ERROR;
				GCC_WARN_UNDECLARED_SELECTOR = YES;
				GCC_WARN_UNINITIALIZED_AUTOS = YES_AGGRESSIVE;
				GCC_WARN_UNUSED_FUNCTION = YES;
				GCC_WARN_UNUSED_VARIABLE = YES;
				IPHONEOS_DEPLOYMENT_TARGET = 14.4;
				MTL_ENABLE_DEBUG_INFO = INCLUDE_SOURCE;
				MTL_FAST_MATH = YES;
				ONLY_ACTIVE_ARCH = YES;
				SDKROOT = iphoneos;
				SWIFT_ACTIVE_COMPILATION_CONDITIONS = DEBUG;
				SWIFT_OPTIMIZATION_LEVEL = "-Onone";
			};
			name = Debug;
		};
		95EA742D262FFC8B00E3BCBD /* Release */ = {
			isa = XCBuildConfiguration;
			buildSettings = {
				ALWAYS_SEARCH_USER_PATHS = NO;
				CLANG_ANALYZER_NONNULL = YES;
				CLANG_ANALYZER_NUMBER_OBJECT_CONVERSION = YES_AGGRESSIVE;
				CLANG_CXX_LANGUAGE_STANDARD = "gnu++14";
				CLANG_CXX_LIBRARY = "libc++";
				CLANG_ENABLE_MODULES = YES;
				CLANG_ENABLE_OBJC_ARC = YES;
				CLANG_ENABLE_OBJC_WEAK = YES;
				CLANG_WARN_BLOCK_CAPTURE_AUTORELEASING = YES;
				CLANG_WARN_BOOL_CONVERSION = YES;
				CLANG_WARN_COMMA = YES;
				CLANG_WARN_CONSTANT_CONVERSION = YES;
				CLANG_WARN_DEPRECATED_OBJC_IMPLEMENTATIONS = YES;
				CLANG_WARN_DIRECT_OBJC_ISA_USAGE = YES_ERROR;
				CLANG_WARN_DOCUMENTATION_COMMENTS = YES;
				CLANG_WARN_EMPTY_BODY = YES;
				CLANG_WARN_ENUM_CONVERSION = YES;
				CLANG_WARN_INFINITE_RECURSION = YES;
				CLANG_WARN_INT_CONVERSION = YES;
				CLANG_WARN_NON_LITERAL_NULL_CONVERSION = YES;
				CLANG_WARN_OBJC_IMPLICIT_RETAIN_SELF = YES;
				CLANG_WARN_OBJC_LITERAL_CONVERSION = YES;
				CLANG_WARN_OBJC_ROOT_CLASS = YES_ERROR;
				CLANG_WARN_QUOTED_INCLUDE_IN_FRAMEWORK_HEADER = YES;
				CLANG_WARN_RANGE_LOOP_ANALYSIS = YES;
				CLANG_WARN_STRICT_PROTOTYPES = YES;
				CLANG_WARN_SUSPICIOUS_MOVE = YES;
				CLANG_WARN_UNGUARDED_AVAILABILITY = YES_AGGRESSIVE;
				CLANG_WARN_UNREACHABLE_CODE = YES;
				CLANG_WARN__DUPLICATE_METHOD_MATCH = YES;
				COPY_PHASE_STRIP = NO;
				DEBUG_INFORMATION_FORMAT = "dwarf-with-dsym";
				ENABLE_NS_ASSERTIONS = NO;
				ENABLE_STRICT_OBJC_MSGSEND = YES;
				GCC_C_LANGUAGE_STANDARD = gnu11;
				GCC_NO_COMMON_BLOCKS = YES;
				GCC_WARN_64_TO_32_BIT_CONVERSION = YES;
				GCC_WARN_ABOUT_RETURN_TYPE = YES_ERROR;
				GCC_WARN_UNDECLARED_SELECTOR = YES;
				GCC_WARN_UNINITIALIZED_AUTOS = YES_AGGRESSIVE;
				GCC_WARN_UNUSED_FUNCTION = YES;
				GCC_WARN_UNUSED_VARIABLE = YES;
				IPHONEOS_DEPLOYMENT_TARGET = 14.4;
				MTL_ENABLE_DEBUG_INFO = NO;
				MTL_FAST_MATH = YES;
				SDKROOT = iphoneos;
				SWIFT_COMPILATION_MODE = wholemodule;
				SWIFT_OPTIMIZATION_LEVEL = "-O";
				VALIDATE_PRODUCT = YES;
			};
			name = Release;
		};
		95EA742F262FFC8B00E3BCBD /* Debug */ = {
			isa = XCBuildConfiguration;
			baseConfigurationReference = AB73E2F5704EA2965F29286B /* Pods-HabitBot.debug.xcconfig */;
			buildSettings = {
				ASSETCATALOG_COMPILER_APPICON_NAME = AppIcon;
				ASSETCATALOG_COMPILER_GLOBAL_ACCENT_COLOR_NAME = AccentColor;
				CODE_SIGN_ENTITLEMENTS = HabitBot/HabitBot.entitlements;
				CODE_SIGN_STYLE = Automatic;
				DEVELOPMENT_TEAM = VN7A77FPW7;
				INFOPLIST_FILE = HabitBot/Info.plist;
				LD_RUNPATH_SEARCH_PATHS = (
					"$(inherited)",
					"@executable_path/Frameworks",
				);
				PRODUCT_BUNDLE_IDENTIFIER = edu.monash.HabitBot;
				PRODUCT_NAME = "$(TARGET_NAME)";
				SWIFT_VERSION = 5.0;
				TARGETED_DEVICE_FAMILY = 1;
			};
			name = Debug;
		};
		95EA7430262FFC8B00E3BCBD /* Release */ = {
			isa = XCBuildConfiguration;
			baseConfigurationReference = 9D886BC7F3BDB98C882F2FA9 /* Pods-HabitBot.release.xcconfig */;
			buildSettings = {
				ASSETCATALOG_COMPILER_APPICON_NAME = AppIcon;
				ASSETCATALOG_COMPILER_GLOBAL_ACCENT_COLOR_NAME = AccentColor;
				CODE_SIGN_ENTITLEMENTS = HabitBot/HabitBot.entitlements;
				CODE_SIGN_STYLE = Automatic;
				DEVELOPMENT_TEAM = VN7A77FPW7;
				INFOPLIST_FILE = HabitBot/Info.plist;
				LD_RUNPATH_SEARCH_PATHS = (
					"$(inherited)",
					"@executable_path/Frameworks",
				);
				PRODUCT_BUNDLE_IDENTIFIER = edu.monash.HabitBot;
				PRODUCT_NAME = "$(TARGET_NAME)";
				SWIFT_VERSION = 5.0;
				TARGETED_DEVICE_FAMILY = 1;
			};
			name = Release;
		};
/* End XCBuildConfiguration section */

/* Begin XCConfigurationList section */
		95EA7412262FFC8900E3BCBD /* Build configuration list for PBXProject "HabitBot" */ = {
			isa = XCConfigurationList;
			buildConfigurations = (
				95EA742C262FFC8B00E3BCBD /* Debug */,
				95EA742D262FFC8B00E3BCBD /* Release */,
			);
			defaultConfigurationIsVisible = 0;
			defaultConfigurationName = Release;
		};
		95EA742E262FFC8B00E3BCBD /* Build configuration list for PBXNativeTarget "HabitBot" */ = {
			isa = XCConfigurationList;
			buildConfigurations = (
				95EA742F262FFC8B00E3BCBD /* Debug */,
				95EA7430262FFC8B00E3BCBD /* Release */,
			);
			defaultConfigurationIsVisible = 0;
			defaultConfigurationName = Release;
		};
/* End XCConfigurationList section */

/* Begin XCVersionGroup section */
		95EA7423262FFC8900E3BCBD /* HabitBot.xcdatamodeld */ = {
			isa = XCVersionGroup;
			children = (
				95EA7424262FFC8900E3BCBD /* HabitBot.xcdatamodel */,
			);
			currentVersion = 95EA7424262FFC8900E3BCBD /* HabitBot.xcdatamodel */;
			path = HabitBot.xcdatamodeld;
			sourceTree = "<group>";
			versionGroupType = wrapper.xcdatamodel;
		};
/* End XCVersionGroup section */
	};
	rootObject = 95EA740F262FFC8900E3BCBD /* Project object */;
}
